
Microsoft Visual Studio Solution File, Format Version 12.00
# Visual Studio Version 16
VisualStudioVersion = 16.0.31005.135
MinimumVisualStudioVersion = 10.0.40219.1
Project("{FAE04EC0-301F-11D3-BF4B-00C04F79EFBC}") = "SMedia", "SMedia\SMedia.csproj", "{3FC26859-98DE-4A43-A0BF-E46C68E6F7F8}"
EndProject
Global
	GlobalSection(SolutionConfigurationPlatforms) = preSolution
		Debug|Any CPU = Debug|Any CPU
		Release|Any CPU = Release|Any CPU
	EndGlobalSection
	GlobalSection(ProjectConfigurationPlatforms) = postSolution
		{3FC26859-98DE-4A43-A0BF-E46C68E6F7F8}.Debug|Any CPU.ActiveCfg = Debug|Any CPU
		{3FC26859-98DE-4A43-A0BF-E46C68E6F7F8}.Debug|Any CPU.Build.0 = Debug|Any CPU
		{3FC26859-98DE-4A43-A0BF-E46C68E6F7F8}.Release|Any CPU.ActiveCfg = Release|Any CPU
		{3FC26859-98DE-4A43-A0BF-E46C68E6F7F8}.Release|Any CPU.Build.0 = Release|Any CPU
	EndGlobalSection
	GlobalSection(SolutionProperties) = preSolution
		HideSolutionNode = FALSE
	EndGlobalSection
	GlobalSection(ExtensibilityGlobals) = postSolution
		SolutionGuid = {420E4EB0-2879-4FDA-94B8-89400D4161B6}
	EndGlobalSection
EndGlobal
